
Microsoft Visual Studio Solution File, Format Version 12.00
# Visual Studio 15
VisualStudioVersion = 15.0.26430.6
MinimumVisualStudioVersion = 10.0.40219.1
Project("{FAE04EC0-301F-11D3-BF4B-00C04F79EFBC}") = "SolarEclipseEvent", "SolarEclipseEvent\SolarEclipseEvent.csproj", "{B932C1FD-CAC3-4A8C-8119-8D156F8CEB96}"
EndProject
Project("{FAE04EC0-301F-11D3-BF4B-00C04F79EFBC}") = "TimeReminder", "TimeReminder\TimeReminder.csproj", "{3F10D072-54FD-47FA-B0AA-47A5A6F80931}"
EndProject
Project("{2150E333-8FDC-42A3-9474-1A3956D46DE8}") = ".metadata", ".metadata", "{ACEE3349-CD26-4969-8693-5CB58786A2AA}"
	ProjectSection(SolutionItems) = preProject
		.gitattributes = .gitattributes
		.gitignore = .gitignore
		deploy-mod.targets = deploy-mod.targets
		GlobalAssemblyInfo.cs = GlobalAssemblyInfo.cs
		README.md = README.md
		stardewvalley.targets = stardewvalley.targets
	EndProjectSection
EndProject
Project("{FAE04EC0-301F-11D3-BF4B-00C04F79EFBC}") = "TwilightCore", "TwilightCore\TwilightCore.csproj", "{D316F761-A80B-4CCB-936D-1327F7AA63B5}"
EndProject
Project("{FAE04EC0-301F-11D3-BF4B-00C04F79EFBC}") = "ClimateDataExaminer", "ClimateDataExamin\ClimateDataExaminer.csproj", "{696260C4-50B9-4EE6-BCAD-B2DD085BE40E}"
EndProject
Project("{FAE04EC0-301F-11D3-BF4B-00C04F79EFBC}") = "TreeOverhaul", "TreeOverhaul\TreeOverhaul.csproj", "{2CDC5732-A8E9-44C4-A9E0-8B6EF3B859EE}"
EndProject
Project("{FAE04EC0-301F-11D3-BF4B-00C04F79EFBC}") = "ClimatesOfFerngill", "ClimatesOfFerngill\ClimatesOfFerngill.csproj", "{251AC91D-397E-42AF-925D-3C7D1A9C72D5}"
EndProject
Project("{FAE04EC0-301F-11D3-BF4B-00C04F79EFBC}") = "old_ClimatesOfFerngill", "OldClimateOfFerngill\old_ClimatesOfFerngill.csproj", "{D0F25EF3-15F0-4CC6-849A-C2E9B1BBAAB1}"
EndProject
Global
	GlobalSection(SolutionConfigurationPlatforms) = preSolution
		Debug|Any CPU = Debug|Any CPU
		Release|Any CPU = Release|Any CPU
	EndGlobalSection
	GlobalSection(ProjectConfigurationPlatforms) = postSolution
		{B932C1FD-CAC3-4A8C-8119-8D156F8CEB96}.Debug|Any CPU.ActiveCfg = Debug|Any CPU
		{B932C1FD-CAC3-4A8C-8119-8D156F8CEB96}.Debug|Any CPU.Build.0 = Debug|Any CPU
		{B932C1FD-CAC3-4A8C-8119-8D156F8CEB96}.Release|Any CPU.ActiveCfg = Release|Any CPU
		{B932C1FD-CAC3-4A8C-8119-8D156F8CEB96}.Release|Any CPU.Build.0 = Release|Any CPU
		{3F10D072-54FD-47FA-B0AA-47A5A6F80931}.Debug|Any CPU.ActiveCfg = Debug|Any CPU
		{3F10D072-54FD-47FA-B0AA-47A5A6F80931}.Debug|Any CPU.Build.0 = Debug|Any CPU
		{3F10D072-54FD-47FA-B0AA-47A5A6F80931}.Release|Any CPU.ActiveCfg = Release|Any CPU
		{3F10D072-54FD-47FA-B0AA-47A5A6F80931}.Release|Any CPU.Build.0 = Release|Any CPU
		{D316F761-A80B-4CCB-936D-1327F7AA63B5}.Debug|Any CPU.ActiveCfg = Debug|Any CPU
		{D316F761-A80B-4CCB-936D-1327F7AA63B5}.Debug|Any CPU.Build.0 = Debug|Any CPU
		{D316F761-A80B-4CCB-936D-1327F7AA63B5}.Release|Any CPU.ActiveCfg = Release|Any CPU
		{D316F761-A80B-4CCB-936D-1327F7AA63B5}.Release|Any CPU.Build.0 = Release|Any CPU
		{696260C4-50B9-4EE6-BCAD-B2DD085BE40E}.Debug|Any CPU.ActiveCfg = Debug|Any CPU
		{696260C4-50B9-4EE6-BCAD-B2DD085BE40E}.Debug|Any CPU.Build.0 = Debug|Any CPU
		{696260C4-50B9-4EE6-BCAD-B2DD085BE40E}.Release|Any CPU.ActiveCfg = Release|Any CPU
		{696260C4-50B9-4EE6-BCAD-B2DD085BE40E}.Release|Any CPU.Build.0 = Release|Any CPU
		{2CDC5732-A8E9-44C4-A9E0-8B6EF3B859EE}.Debug|Any CPU.ActiveCfg = Debug|Any CPU
		{2CDC5732-A8E9-44C4-A9E0-8B6EF3B859EE}.Debug|Any CPU.Build.0 = Debug|Any CPU
		{2CDC5732-A8E9-44C4-A9E0-8B6EF3B859EE}.Release|Any CPU.ActiveCfg = Release|Any CPU
		{2CDC5732-A8E9-44C4-A9E0-8B6EF3B859EE}.Release|Any CPU.Build.0 = Release|Any CPU
		{251AC91D-397E-42AF-925D-3C7D1A9C72D5}.Debug|Any CPU.ActiveCfg = Debug|Any CPU
		{251AC91D-397E-42AF-925D-3C7D1A9C72D5}.Debug|Any CPU.Build.0 = Debug|Any CPU
		{251AC91D-397E-42AF-925D-3C7D1A9C72D5}.Release|Any CPU.ActiveCfg = Release|Any CPU
		{251AC91D-397E-42AF-925D-3C7D1A9C72D5}.Release|Any CPU.Build.0 = Release|Any CPU
		{D0F25EF3-15F0-4CC6-849A-C2E9B1BBAAB1}.Debug|Any CPU.ActiveCfg = Debug|Any CPU
		{D0F25EF3-15F0-4CC6-849A-C2E9B1BBAAB1}.Debug|Any CPU.Build.0 = Debug|Any CPU
		{D0F25EF3-15F0-4CC6-849A-C2E9B1BBAAB1}.Release|Any CPU.ActiveCfg = Release|Any CPU
		{D0F25EF3-15F0-4CC6-849A-C2E9B1BBAAB1}.Release|Any CPU.Build.0 = Release|Any CPU
	EndGlobalSection
	GlobalSection(SolutionProperties) = preSolution
		HideSolutionNode = FALSE
	EndGlobalSection
EndGlobal
